
Microsoft Visual Studio Solution File, Format Version 12.00
# Visual Studio Version 17
VisualStudioVersion = 17.7.34202.233
MinimumVisualStudioVersion = 10.0.40219.1
Project("{FAE04EC0-301F-11D3-BF4B-00C04F79EFBC}") = "Calculator", "Calculator\Calculator.csproj", "{4E294BBE-E8D3-4A03-A6EB-848009E1C93D}"
EndProject
Global
	GlobalSection(SolutionConfigurationPlatforms) = preSolution
		Debug|Any CPU = Debug|Any CPU
		Release|Any CPU = Release|Any CPU
	EndGlobalSection
	GlobalSection(ProjectConfigurationPlatforms) = postSolution
		{4E294BBE-E8D3-4A03-A6EB-848009E1C93D}.Debug|Any CPU.ActiveCfg = Debug|Any CPU
		{4E294BBE-E8D3-4A03-A6EB-848009E1C93D}.Debug|Any CPU.Build.0 = Debug|Any CPU
		{4E294BBE-E8D3-4A03-A6EB-848009E1C93D}.Release|Any CPU.ActiveCfg = Release|Any CPU
		{4E294BBE-E8D3-4A03-A6EB-848009E1C93D}.Release|Any CPU.Build.0 = Release|Any CPU
	EndGlobalSection
	GlobalSection(SolutionProperties) = preSolution
		HideSolutionNode = FALSE
	EndGlobalSection
	GlobalSection(ExtensibilityGlobals) = postSolution
		SolutionGuid = {1F8A8936-59E2-48BE-9BED-120AEF282DB2}
	EndGlobalSection
EndGlobal
